// !$*UTF8*$!
{
	archiveVersion = 1;
	classes = {
	};
	objectVersion = 55;
	objects = {

/* Begin PBXBuildFile section */
		206185B82844B52C00526018 /* Lists.swift in Sources */ = {isa = PBXBuildFile; fileRef = 206185B72844B52C00526018 /* Lists.swift */; };
		20705CAC2842863C00910511 /* CardListView.swift in Sources */ = {isa = PBXBuildFile; fileRef = 20705CAB2842863C00910511 /* CardListView.swift */; };
		20CB3388284E0F3A00836ED1 /* Tips.swift in Sources */ = {isa = PBXBuildFile; fileRef = 20CB3387284E0F3A00836ED1 /* Tips.swift */; };
		C1C84FF9283C0C1A007B2534 /* HomeView.swift in Sources */ = {isa = PBXBuildFile; fileRef = C1C84FF8283C0C1A007B2534 /* HomeView.swift */; };
		E4A25C715E2D760993519B5A /* libPods-ProjectY.a in Frameworks */ = {isa = PBXBuildFile; fileRef = 667F3363D6632D9D673A201C /* libPods-ProjectY.a */; };
		FB15CFFA2840C2E3001F2933 /* LocalSearchService.swift in Sources */ = {isa = PBXBuildFile; fileRef = FB15CFF92840C2E3001F2933 /* LocalSearchService.swift */; };
		FB15CFFE2840C51F001F2933 /* MapKit.framework in Frameworks */ = {isa = PBXBuildFile; fileRef = FB15CFFD2840C51F001F2933 /* MapKit.framework */; };
		FB377D182840E28A00792995 /* CardView.swift in Sources */ = {isa = PBXBuildFile; fileRef = FB377D152840E28A00792995 /* CardView.swift */; };
		FB377D192840E28A00792995 /* DestinationDetails.swift in Sources */ = {isa = PBXBuildFile; fileRef = FB377D162840E28A00792995 /* DestinationDetails.swift */; };
		FB377D1A2840E28A00792995 /* YourTrips.swift in Sources */ = {isa = PBXBuildFile; fileRef = FB377D172840E28A00792995 /* YourTrips.swift */; };
		FB8126B7283B782E00139239 /* ProjectYApp.swift in Sources */ = {isa = PBXBuildFile; fileRef = FB8126B6283B782E00139239 /* ProjectYApp.swift */; };
		FB8126B9283B782E00139239 /* ContentView.swift in Sources */ = {isa = PBXBuildFile; fileRef = FB8126B8283B782E00139239 /* ContentView.swift */; };
		FB8126BB283B783100139239 /* Assets.xcassets in Resources */ = {isa = PBXBuildFile; fileRef = FB8126BA283B783000139239 /* Assets.xcassets */; };
		FB8126BE283B783100139239 /* Preview Assets.xcassets in Resources */ = {isa = PBXBuildFile; fileRef = FB8126BD283B783100139239 /* Preview Assets.xcassets */; };
		FB8126C5283B78ED00139239 /* Trasportation.swift in Sources */ = {isa = PBXBuildFile; fileRef = FB8126C4283B78ED00139239 /* Trasportation.swift */; };
		FB8126C7283B8C5F00139239 /* Accomodation.swift in Sources */ = {isa = PBXBuildFile; fileRef = FB8126C6283B8C5F00139239 /* Accomodation.swift */; };
		FB8126C9283B8C7900139239 /* UiElements.swift in Sources */ = {isa = PBXBuildFile; fileRef = FB8126C8283B8C7900139239 /* UiElements.swift */; };
		FB8126CB283B8D1C00139239 /* Luggage.swift in Sources */ = {isa = PBXBuildFile; fileRef = FB8126CA283B8D1C00139239 /* Luggage.swift */; };
		FB8126CD283B909900139239 /* Activities.swift in Sources */ = {isa = PBXBuildFile; fileRef = FB8126CC283B909900139239 /* Activities.swift */; };
		FBBD6D2B2844D59300064E13 /* AddingSheet.swift in Sources */ = {isa = PBXBuildFile; fileRef = FBBD6D2A2844D59300064E13 /* AddingSheet.swift */; };
		FBBD6D2D2844D69300064E13 /* ProgressBar.swift in Sources */ = {isa = PBXBuildFile; fileRef = FBBD6D2C2844D69300064E13 /* ProgressBar.swift */; };
		FBBD6D2F2844D6A600064E13 /* LeavesCollectedView.swift in Sources */ = {isa = PBXBuildFile; fileRef = FBBD6D2E2844D6A600064E13 /* LeavesCollectedView.swift */; };
		FBE058CE284603FB006C0E33 /* Model.swift in Sources */ = {isa = PBXBuildFile; fileRef = FBE058CD284603FB006C0E33 /* Model.swift */; };
/* End PBXBuildFile section */

/* Begin PBXFileReference section */
		206185B72844B52C00526018 /* Lists.swift */ = {isa = PBXFileReference; lastKnownFileType = sourcecode.swift; path = Lists.swift; sourceTree = "<group>"; };
		20705CAB2842863C00910511 /* CardListView.swift */ = {isa = PBXFileReference; lastKnownFileType = sourcecode.swift; path = CardListView.swift; sourceTree = "<group>"; };
		667F3363D6632D9D673A201C /* libPods-ProjectY.a */ = {isa = PBXFileReference; explicitFileType = archive.ar; includeInIndex = 0; path = "libPods-ProjectY.a"; sourceTree = BUILT_PRODUCTS_DIR; };
		BA78E4967C0F64B97F89B868 /* Pods-ProjectY.debug.xcconfig */ = {isa = PBXFileReference; includeInIndex = 1; lastKnownFileType = text.xcconfig; name = "Pods-ProjectY.debug.xcconfig"; path = "Target Support Files/Pods-ProjectY/Pods-ProjectY.debug.xcconfig"; sourceTree = "<group>"; };
		BE77486F54B19BABA99CD503 /* Pods-ProjectY.release.xcconfig */ = {isa = PBXFileReference; includeInIndex = 1; lastKnownFileType = text.xcconfig; name = "Pods-ProjectY.release.xcconfig"; path = "Target Support Files/Pods-ProjectY/Pods-ProjectY.release.xcconfig"; sourceTree = "<group>"; };
		C1C84FF8283C0C1A007B2534 /* HomeView.swift */ = {isa = PBXFileReference; lastKnownFileType = sourcecode.swift; path = HomeView.swift; sourceTree = "<group>"; };
		FB15CFF92840C2E3001F2933 /* LocalSearchService.swift */ = {isa = PBXFileReference; lastKnownFileType = sourcecode.swift; path = LocalSearchService.swift; sourceTree = "<group>"; };
		FB15CFFB2840C51F001F2933 /* Info.plist */ = {isa = PBXFileReference; lastKnownFileType = text.plist; path = Info.plist; sourceTree = "<group>"; };
		FB15CFFD2840C51F001F2933 /* MapKit.framework */ = {isa = PBXFileReference; lastKnownFileType = wrapper.framework; name = MapKit.framework; path = System/Library/Frameworks/MapKit.framework; sourceTree = SDKROOT; };
		FB377D152840E28A00792995 /* CardView.swift */ = {isa = PBXFileReference; fileEncoding = 4; lastKnownFileType = sourcecode.swift; path = CardView.swift; sourceTree = "<group>"; };
		FB377D162840E28A00792995 /* DestinationDetails.swift */ = {isa = PBXFileReference; fileEncoding = 4; lastKnownFileType = sourcecode.swift; path = DestinationDetails.swift; sourceTree = "<group>"; };
		FB377D172840E28A00792995 /* YourTrips.swift */ = {isa = PBXFileReference; fileEncoding = 4; lastKnownFileType = sourcecode.swift; path = YourTrips.swift; sourceTree = "<group>"; };
		FB8126B3283B782E00139239 /* ProjectY.app */ = {isa = PBXFileReference; explicitFileType = wrapper.application; includeInIndex = 0; path = ProjectY.app; sourceTree = BUILT_PRODUCTS_DIR; };
		FB8126B6283B782E00139239 /* ProjectYApp.swift */ = {isa = PBXFileReference; lastKnownFileType = sourcecode.swift; path = ProjectYApp.swift; sourceTree = "<group>"; };
		FB8126B8283B782E00139239 /* ContentView.swift */ = {isa = PBXFileReference; lastKnownFileType = sourcecode.swift; path = ContentView.swift; sourceTree = "<group>"; };
		FB8126BA283B783000139239 /* Assets.xcassets */ = {isa = PBXFileReference; lastKnownFileType = folder.assetcatalog; path = Assets.xcassets; sourceTree = "<group>"; };
		FB8126BD283B783100139239 /* Preview Assets.xcassets */ = {isa = PBXFileReference; lastKnownFileType = folder.assetcatalog; path = "Preview Assets.xcassets"; sourceTree = "<group>"; };
		FB8126C4283B78ED00139239 /* Trasportation.swift */ = {isa = PBXFileReference; lastKnownFileType = sourcecode.swift; path = Trasportation.swift; sourceTree = "<group>"; };
		FB8126C6283B8C5F00139239 /* Accomodation.swift */ = {isa = PBXFileReference; lastKnownFileType = sourcecode.swift; path = Accomodation.swift; sourceTree = "<group>"; };
		FB8126C8283B8C7900139239 /* UiElements.swift */ = {isa = PBXFileReference; lastKnownFileType = sourcecode.swift; path = UiElements.swift; sourceTree = "<group>"; };
		FB8126CA283B8D1C00139239 /* Luggage.swift */ = {isa = PBXFileReference; lastKnownFileType = sourcecode.swift; path = Luggage.swift; sourceTree = "<group>"; };
		FB8126CC283B909900139239 /* Activities.swift */ = {isa = PBXFileReference; lastKnownFileType = sourcecode.swift; path = Activities.swift; sourceTree = "<group>"; };
		FBBD6D2A2844D59300064E13 /* AddingSheet.swift */ = {isa = PBXFileReference; fileEncoding = 4; lastKnownFileType = sourcecode.swift; path = AddingSheet.swift; sourceTree = "<group>"; };
		FBBD6D2C2844D69300064E13 /* ProgressBar.swift */ = {isa = PBXFileReference; fileEncoding = 4; lastKnownFileType = sourcecode.swift; path = ProgressBar.swift; sourceTree = "<group>"; };
		FBBD6D2E2844D6A600064E13 /* LeavesCollectedView.swift */ = {isa = PBXFileReference; fileEncoding = 4; lastKnownFileType = sourcecode.swift; path = LeavesCollectedView.swift; sourceTree = "<group>"; };
		FBE058CD284603FB006C0E33 /* Model.swift */ = {isa = PBXFileReference; lastKnownFileType = sourcecode.swift; path = Model.swift; sourceTree = "<group>"; };
/* End PBXFileReference section */

/* Begin PBXFrameworksBuildPhase section */
		FB8126B0283B782E00139239 /* Frameworks */ = {
			isa = PBXFrameworksBuildPhase;
			buildActionMask = 2147483647;
			files = (
				FB15CFFE2840C51F001F2933 /* MapKit.framework in Frameworks */,
				E4A25C715E2D760993519B5A /* libPods-ProjectY.a in Frameworks */,
			);
			runOnlyForDeploymentPostprocessing = 0;
		};
/* End PBXFrameworksBuildPhase section */

/* Begin PBXGroup section */
		5090E4354BBED73C13F1817E /* Pods */ = {
			isa = PBXGroup;
			children = (
				BA78E4967C0F64B97F89B868 /* Pods-ProjectY.debug.xcconfig */,
				BE77486F54B19BABA99CD503 /* Pods-ProjectY.release.xcconfig */,
			);
			path = Pods;
			sourceTree = "<group>";
		};
		FB15CFFC2840C51F001F2933 /* Frameworks */ = {
			isa = PBXGroup;
			children = (
				FB15CFFD2840C51F001F2933 /* MapKit.framework */,
				667F3363D6632D9D673A201C /* libPods-ProjectY.a */,
			);
			name = Frameworks;
			sourceTree = "<group>";
		};
		FB8126AA283B782E00139239 = {
			isa = PBXGroup;
			children = (
				FB8126B5283B782E00139239 /* ProjectY */,
				FB8126B4283B782E00139239 /* Products */,
				FB15CFFC2840C51F001F2933 /* Frameworks */,
				5090E4354BBED73C13F1817E /* Pods */,
			);
			sourceTree = "<group>";
		};
		FB8126B4283B782E00139239 /* Products */ = {
			isa = PBXGroup;
			children = (
				FB8126B3283B782E00139239 /* ProjectY.app */,
			);
			name = Products;
			sourceTree = "<group>";
		};
		FB8126B5283B782E00139239 /* ProjectY */ = {
			isa = PBXGroup;
			children = (
				FBE058CC284603E4006C0E33 /* DB */,
				FB377D152840E28A00792995 /* CardView.swift */,
				FB377D162840E28A00792995 /* DestinationDetails.swift */,
				20705CAB2842863C00910511 /* CardListView.swift */,
				FB377D172840E28A00792995 /* YourTrips.swift */,
				FBBD6D2C2844D69300064E13 /* ProgressBar.swift */,
				206185B72844B52C00526018 /* Lists.swift */,
				FB15CFFB2840C51F001F2933 /* Info.plist */,
				FBBD6D2E2844D6A600064E13 /* LeavesCollectedView.swift */,
				FB8126B6283B782E00139239 /* ProjectYApp.swift */,
				20CB3387284E0F3A00836ED1 /* Tips.swift */,
				FBBD6D2A2844D59300064E13 /* AddingSheet.swift */,
				FB8126B8283B782E00139239 /* ContentView.swift */,
				C1C84FF8283C0C1A007B2534 /* HomeView.swift */,
				FB8126C6283B8C5F00139239 /* Accomodation.swift */,
				FB8126C8283B8C7900139239 /* UiElements.swift */,
				FB8126CC283B909900139239 /* Activities.swift */,
				FB8126CA283B8D1C00139239 /* Luggage.swift */,
				FB8126C4283B78ED00139239 /* Trasportation.swift */,
				FB8126BA283B783000139239 /* Assets.xcassets */,
				FB8126BC283B783100139239 /* Preview Content */,
				FB15CFF92840C2E3001F2933 /* LocalSearchService.swift */,
			);
			path = ProjectY;
			sourceTree = "<group>";
		};
		FB8126BC283B783100139239 /* Preview Content */ = {
			isa = PBXGroup;
			children = (
				FB8126BD283B783100139239 /* Preview Assets.xcassets */,
			);
			path = "Preview Content";
			sourceTree = "<group>";
		};
		FBE058CC284603E4006C0E33 /* DB */ = {
			isa = PBXGroup;
			children = (
				FBE058CD284603FB006C0E33 /* Model.swift */,
			);
			path = DB;
			sourceTree = "<group>";
		};
/* End PBXGroup section */

/* Begin PBXNativeTarget section */
		FB8126B2283B782E00139239 /* ProjectY */ = {
			isa = PBXNativeTarget;
			buildConfigurationList = FB8126C1283B783100139239 /* Build configuration list for PBXNativeTarget "ProjectY" */;
			buildPhases = (
				6DC0955CCD52BF601E9AF15A /* [CP] Check Pods Manifest.lock */,
				FB8126AF283B782E00139239 /* Sources */,
				FB8126B0283B782E00139239 /* Frameworks */,
				FB8126B1283B782E00139239 /* Resources */,
				FEFC96782951C89C38B6FCE4 /* [CP] Copy Pods Resources */,
			);
			buildRules = (
			);
			dependencies = (
			);
			name = ProjectY;
			productName = ProjectY;
			productReference = FB8126B3283B782E00139239 /* ProjectY.app */;
			productType = "com.apple.product-type.application";
		};
/* End PBXNativeTarget section */

/* Begin PBXProject section */
		FB8126AB283B782E00139239 /* Project object */ = {
			isa = PBXProject;
			attributes = {
				BuildIndependentTargetsInParallel = 1;
				LastSwiftUpdateCheck = 1340;
				LastUpgradeCheck = 1340;
				TargetAttributes = {
					FB8126B2283B782E00139239 = {
						CreatedOnToolsVersion = 13.4;
					};
				};
			};
			buildConfigurationList = FB8126AE283B782E00139239 /* Build configuration list for PBXProject "ProjectY" */;
			compatibilityVersion = "Xcode 13.0";
			developmentRegion = en;
			hasScannedForEncodings = 0;
			knownRegions = (
				en,
				Base,
			);
			mainGroup = FB8126AA283B782E00139239;
			productRefGroup = FB8126B4283B782E00139239 /* Products */;
			projectDirPath = "";
			projectRoot = "";
			targets = (
				FB8126B2283B782E00139239 /* ProjectY */,
			);
		};
/* End PBXProject section */

/* Begin PBXResourcesBuildPhase section */
		FB8126B1283B782E00139239 /* Resources */ = {
			isa = PBXResourcesBuildPhase;
			buildActionMask = 2147483647;
			files = (
				FB8126BE283B783100139239 /* Preview Assets.xcassets in Resources */,
				FB8126BB283B783100139239 /* Assets.xcassets in Resources */,
			);
			runOnlyForDeploymentPostprocessing = 0;
		};
/* End PBXResourcesBuildPhase section */

/* Begin PBXShellScriptBuildPhase section */
		6DC0955CCD52BF601E9AF15A /* [CP] Check Pods Manifest.lock */ = {
			isa = PBXShellScriptBuildPhase;
			buildActionMask = 2147483647;
			files = (
			);
			inputFileListPaths = (
			);
			inputPaths = (
				"${PODS_PODFILE_DIR_PATH}/Podfile.lock",
				"${PODS_ROOT}/Manifest.lock",
			);
			name = "[CP] Check Pods Manifest.lock";
			outputFileListPaths = (
			);
			outputPaths = (
				"$(DERIVED_FILE_DIR)/Pods-ProjectY-checkManifestLockResult.txt",
			);
			runOnlyForDeploymentPostprocessing = 0;
			shellPath = /bin/sh;
			shellScript = "diff \"${PODS_PODFILE_DIR_PATH}/Podfile.lock\" \"${PODS_ROOT}/Manifest.lock\" > /dev/null\nif [ $? != 0 ] ; then\n    # print error to STDERR\n    echo \"error: The sandbox is not in sync with the Podfile.lock. Run 'pod install' or update your CocoaPods installation.\" >&2\n    exit 1\nfi\n# This output is used by Xcode 'outputs' to avoid re-running this script phase.\necho \"SUCCESS\" > \"${SCRIPT_OUTPUT_FILE_0}\"\n";
			showEnvVarsInLog = 0;
		};
		FEFC96782951C89C38B6FCE4 /* [CP] Copy Pods Resources */ = {
			isa = PBXShellScriptBuildPhase;
			buildActionMask = 2147483647;
			files = (
			);
			inputFileListPaths = (
				"${PODS_ROOT}/Target Support Files/Pods-ProjectY/Pods-ProjectY-resources-${CONFIGURATION}-input-files.xcfilelist",
			);
			name = "[CP] Copy Pods Resources";
			outputFileListPaths = (
				"${PODS_ROOT}/Target Support Files/Pods-ProjectY/Pods-ProjectY-resources-${CONFIGURATION}-output-files.xcfilelist",
			);
			runOnlyForDeploymentPostprocessing = 0;
			shellPath = /bin/sh;
			shellScript = "\"${PODS_ROOT}/Target Support Files/Pods-ProjectY/Pods-ProjectY-resources.sh\"\n";
			showEnvVarsInLog = 0;
		};
/* End PBXShellScriptBuildPhase section */

/* Begin PBXSourcesBuildPhase section */
		FB8126AF283B782E00139239 /* Sources */ = {
			isa = PBXSourcesBuildPhase;
			buildActionMask = 2147483647;
			files = (
				FBBD6D2F2844D6A600064E13 /* LeavesCollectedView.swift in Sources */,
				FB8126B9283B782E00139239 /* ContentView.swift in Sources */,
				FB8126C5283B78ED00139239 /* Trasportation.swift in Sources */,
				20CB3388284E0F3A00836ED1 /* Tips.swift in Sources */,
				FB8126CB283B8D1C00139239 /* Luggage.swift in Sources */,
				FB377D192840E28A00792995 /* DestinationDetails.swift in Sources */,
				FB8126C9283B8C7900139239 /* UiElements.swift in Sources */,
				FB377D182840E28A00792995 /* CardView.swift in Sources */,
				FBBD6D2D2844D69300064E13 /* ProgressBar.swift in Sources */,
				FB8126C7283B8C5F00139239 /* Accomodation.swift in Sources */,
				FBE058CE284603FB006C0E33 /* Model.swift in Sources */,
				C1C84FF9283C0C1A007B2534 /* HomeView.swift in Sources */,
				FB8126B7283B782E00139239 /* ProjectYApp.swift in Sources */,
				206185B82844B52C00526018 /* Lists.swift in Sources */,
				FB15CFFA2840C2E3001F2933 /* LocalSearchService.swift in Sources */,
				FBBD6D2B2844D59300064E13 /* AddingSheet.swift in Sources */,
				FB8126CD283B909900139239 /* Activities.swift in Sources */,
				20705CAC2842863C00910511 /* CardListView.swift in Sources */,
				FB377D1A2840E28A00792995 /* YourTrips.swift in Sources */,
			);
			runOnlyForDeploymentPostprocessing = 0;
		};
/* End PBXSourcesBuildPhase section */

/* Begin XCBuildConfiguration section */
		FB8126BF283B783100139239 /* Debug */ = {
			isa = XCBuildConfiguration;
			buildSettings = {
				ALWAYS_SEARCH_USER_PATHS = NO;
				CLANG_ANALYZER_NONNULL = YES;
				CLANG_ANALYZER_NUMBER_OBJECT_CONVERSION = YES_AGGRESSIVE;
				CLANG_CXX_LANGUAGE_STANDARD = "gnu++17";
				CLANG_ENABLE_MODULES = YES;
				CLANG_ENABLE_OBJC_ARC = YES;
				CLANG_ENABLE_OBJC_WEAK = YES;
				CLANG_WARN_BLOCK_CAPTURE_AUTORELEASING = YES;
				CLANG_WARN_BOOL_CONVERSION = YES;
				CLANG_WARN_COMMA = YES;
				CLANG_WARN_CONSTANT_CONVERSION = YES;
				CLANG_WARN_DEPRECATED_OBJC_IMPLEMENTATIONS = YES;
				CLANG_WARN_DIRECT_OBJC_ISA_USAGE = YES_ERROR;
				CLANG_WARN_DOCUMENTATION_COMMENTS = YES;
				CLANG_WARN_EMPTY_BODY = YES;
				CLANG_WARN_ENUM_CONVERSION = YES;
				CLANG_WARN_INFINITE_RECURSION = YES;
				CLANG_WARN_INT_CONVERSION = YES;
				CLANG_WARN_NON_LITERAL_NULL_CONVERSION = YES;
				CLANG_WARN_OBJC_IMPLICIT_RETAIN_SELF = YES;
				CLANG_WARN_OBJC_LITERAL_CONVERSION = YES;
				CLANG_WARN_OBJC_ROOT_CLASS = YES_ERROR;
				CLANG_WARN_QUOTED_INCLUDE_IN_FRAMEWORK_HEADER = YES;
				CLANG_WARN_RANGE_LOOP_ANALYSIS = YES;
				CLANG_WARN_STRICT_PROTOTYPES = YES;
				CLANG_WARN_SUSPICIOUS_MOVE = YES;
				CLANG_WARN_UNGUARDED_AVAILABILITY = YES_AGGRESSIVE;
				CLANG_WARN_UNREACHABLE_CODE = YES;
				CLANG_WARN__DUPLICATE_METHOD_MATCH = YES;
				COPY_PHASE_STRIP = NO;
				DEBUG_INFORMATION_FORMAT = dwarf;
				ENABLE_STRICT_OBJC_MSGSEND = YES;
				ENABLE_TESTABILITY = YES;
				GCC_C_LANGUAGE_STANDARD = gnu11;
				GCC_DYNAMIC_NO_PIC = NO;
				GCC_NO_COMMON_BLOCKS = YES;
				GCC_OPTIMIZATION_LEVEL = 0;
				GCC_PREPROCESSOR_DEFINITIONS = (
					"DEBUG=1",
					"$(inherited)",
				);
				GCC_WARN_64_TO_32_BIT_CONVERSION = YES;
				GCC_WARN_ABOUT_RETURN_TYPE = YES_ERROR;
				GCC_WARN_UNDECLARED_SELECTOR = YES;
				GCC_WARN_UNINITIALIZED_AUTOS = YES_AGGRESSIVE;
				GCC_WARN_UNUSED_FUNCTION = YES;
				GCC_WARN_UNUSED_VARIABLE = YES;
				IPHONEOS_DEPLOYMENT_TARGET = 15.5;
				MTL_ENABLE_DEBUG_INFO = INCLUDE_SOURCE;
				MTL_FAST_MATH = YES;
				ONLY_ACTIVE_ARCH = YES;
				SDKROOT = iphoneos;
				SWIFT_ACTIVE_COMPILATION_CONDITIONS = DEBUG;
				SWIFT_OPTIMIZATION_LEVEL = "-Onone";
			};
			name = Debug;
		};
		FB8126C0283B783100139239 /* Release */ = {
			isa = XCBuildConfiguration;
			buildSettings = {
				ALWAYS_SEARCH_USER_PATHS = NO;
				CLANG_ANALYZER_NONNULL = YES;
				CLANG_ANALYZER_NUMBER_OBJECT_CONVERSION = YES_AGGRESSIVE;
				CLANG_CXX_LANGUAGE_STANDARD = "gnu++17";
				CLANG_ENABLE_MODULES = YES;
				CLANG_ENABLE_OBJC_ARC = YES;
				CLANG_ENABLE_OBJC_WEAK = YES;
				CLANG_WARN_BLOCK_CAPTURE_AUTORELEASING = YES;
				CLANG_WARN_BOOL_CONVERSION = YES;
				CLANG_WARN_COMMA = YES;
				CLANG_WARN_CONSTANT_CONVERSION = YES;
				CLANG_WARN_DEPRECATED_OBJC_IMPLEMENTATIONS = YES;
				CLANG_WARN_DIRECT_OBJC_ISA_USAGE = YES_ERROR;
				CLANG_WARN_DOCUMENTATION_COMMENTS = YES;
				CLANG_WARN_EMPTY_BODY = YES;
				CLANG_WARN_ENUM_CONVERSION = YES;
				CLANG_WARN_INFINITE_RECURSION = YES;
				CLANG_WARN_INT_CONVERSION = YES;
				CLANG_WARN_NON_LITERAL_NULL_CONVERSION = YES;
				CLANG_WARN_OBJC_IMPLICIT_RETAIN_SELF = YES;
				CLANG_WARN_OBJC_LITERAL_CONVERSION = YES;
				CLANG_WARN_OBJC_ROOT_CLASS = YES_ERROR;
				CLANG_WARN_QUOTED_INCLUDE_IN_FRAMEWORK_HEADER = YES;
				CLANG_WARN_RANGE_LOOP_ANALYSIS = YES;
				CLANG_WARN_STRICT_PROTOTYPES = YES;
				CLANG_WARN_SUSPICIOUS_MOVE = YES;
				CLANG_WARN_UNGUARDED_AVAILABILITY = YES_AGGRESSIVE;
				CLANG_WARN_UNREACHABLE_CODE = YES;
				CLANG_WARN__DUPLICATE_METHOD_MATCH = YES;
				COPY_PHASE_STRIP = NO;
				DEBUG_INFORMATION_FORMAT = "dwarf-with-dsym";
				ENABLE_NS_ASSERTIONS = NO;
				ENABLE_STRICT_OBJC_MSGSEND = YES;
				GCC_C_LANGUAGE_STANDARD = gnu11;
				GCC_NO_COMMON_BLOCKS = YES;
				GCC_WARN_64_TO_32_BIT_CONVERSION = YES;
				GCC_WARN_ABOUT_RETURN_TYPE = YES_ERROR;
				GCC_WARN_UNDECLARED_SELECTOR = YES;
				GCC_WARN_UNINITIALIZED_AUTOS = YES_AGGRESSIVE;
				GCC_WARN_UNUSED_FUNCTION = YES;
				GCC_WARN_UNUSED_VARIABLE = YES;
				IPHONEOS_DEPLOYMENT_TARGET = 15.5;
				MTL_ENABLE_DEBUG_INFO = NO;
				MTL_FAST_MATH = YES;
				SDKROOT = iphoneos;
				SWIFT_COMPILATION_MODE = wholemodule;
				SWIFT_OPTIMIZATION_LEVEL = "-O";
				VALIDATE_PRODUCT = YES;
			};
			name = Release;
		};
		FB8126C2283B783100139239 /* Debug */ = {
			isa = XCBuildConfiguration;
			baseConfigurationReference = BA78E4967C0F64B97F89B868 /* Pods-ProjectY.debug.xcconfig */;
			buildSettings = {
				ASSETCATALOG_COMPILER_APPICON_NAME = AppIcon;
				ASSETCATALOG_COMPILER_GLOBAL_ACCENT_COLOR_NAME = AccentColor;
				CODE_SIGN_STYLE = Automatic;
				CURRENT_PROJECT_VERSION = 1;
				DEVELOPMENT_ASSET_PATHS = "\"ProjectY/Preview Content\"";
				DEVELOPMENT_TEAM = MB89SG3MC4;
				ENABLE_PREVIEWS = YES;
				"EXCLUDED_ARCHS[sdk=*]" = arm64;
				GENERATE_INFOPLIST_FILE = YES;
				INFOPLIST_FILE = ProjectY/Info.plist;
				INFOPLIST_KEY_CFBundleDisplayName = Ecogge;
				INFOPLIST_KEY_UIApplicationSceneManifest_Generation = YES;
				INFOPLIST_KEY_UIApplicationSupportsIndirectInputEvents = YES;
				INFOPLIST_KEY_UILaunchScreen_Generation = YES;
				INFOPLIST_KEY_UISupportedInterfaceOrientations_iPad = "UIInterfaceOrientationPortrait UIInterfaceOrientationPortraitUpsideDown UIInterfaceOrientationLandscapeLeft UIInterfaceOrientationLandscapeRight";
				INFOPLIST_KEY_UISupportedInterfaceOrientations_iPhone = "UIInterfaceOrientationPortrait UIInterfaceOrientationLandscapeLeft UIInterfaceOrientationLandscapeRight";
				LD_RUNPATH_SEARCH_PATHS = (
					"$(inherited)",
					"@executable_path/Frameworks",
				);
				MARKETING_VERSION = 1.0;
				ONLY_ACTIVE_ARCH = YES;
				PRODUCT_BUNDLE_IDENTIFIER = francesco.Ecogge;
				PRODUCT_NAME = "$(TARGET_NAME)";
				SWIFT_EMIT_LOC_STRINGS = YES;
				SWIFT_VERSION = 5.0;
				TARGETED_DEVICE_FAMILY = 1;
			};
			name = Debug;
		};
		FB8126C3283B783100139239 /* Release */ = {
			isa = XCBuildConfiguration;
			baseConfigurationReference = BE77486F54B19BABA99CD503 /* Pods-ProjectY.release.xcconfig */;
			buildSettings = {
				ASSETCATALOG_COMPILER_APPICON_NAME = AppIcon;
				ASSETCATALOG_COMPILER_GLOBAL_ACCENT_COLOR_NAME = AccentColor;
				CODE_SIGN_STYLE = Automatic;
				CURRENT_PROJECT_VERSION = 1;
				DEVELOPMENT_ASSET_PATHS = "\"ProjectY/Preview Content\"";
				DEVELOPMENT_TEAM = MB89SG3MC4;
				ENABLE_PREVIEWS = YES;
				"EXCLUDED_ARCHS[sdk=*]" = arm64;
				GENERATE_INFOPLIST_FILE = YES;
				INFOPLIST_FILE = ProjectY/Info.plist;
				INFOPLIST_KEY_CFBundleDisplayName = Ecogge;
				INFOPLIST_KEY_UIApplicationSceneManifest_Generation = YES;
				INFOPLIST_KEY_UIApplicationSupportsIndirectInputEvents = YES;
				INFOPLIST_KEY_UILaunchScreen_Generation = YES;
				INFOPLIST_KEY_UISupportedInterfaceOrientations_iPad = "UIInterfaceOrientationPortrait UIInterfaceOrientationPortraitUpsideDown UIInterfaceOrientationLandscapeLeft UIInterfaceOrientationLandscapeRight";
				INFOPLIST_KEY_UISupportedInterfaceOrientations_iPhone = "UIInterfaceOrientationPortrait UIInterfaceOrientationLandscapeLeft UIInterfaceOrientationLandscapeRight";
				LD_RUNPATH_SEARCH_PATHS = (
					"$(inherited)",
					"@executable_path/Frameworks",
				);
				MARKETING_VERSION = 1.0;
				ONLY_ACTIVE_ARCH = YES;
				PRODUCT_BUNDLE_IDENTIFIER = francesco.Ecogge;
				PRODUCT_NAME = "$(TARGET_NAME)";
				SWIFT_EMIT_LOC_STRINGS = YES;
				SWIFT_VERSION = 5.0;
				TARGETED_DEVICE_FAMILY = 1;
			};
			name = Release;
		};
/* End XCBuildConfiguration section */

/* Begin XCConfigurationList section */
		FB8126AE283B782E00139239 /* Build configuration list for PBXProject "ProjectY" */ = {
			isa = XCConfigurationList;
			buildConfigurations = (
				FB8126BF283B783100139239 /* Debug */,
				FB8126C0283B783100139239 /* Release */,
			);
			defaultConfigurationIsVisible = 0;
			defaultConfigurationName = Release;
		};
		FB8126C1283B783100139239 /* Build configuration list for PBXNativeTarget "ProjectY" */ = {
			isa = XCConfigurationList;
			buildConfigurations = (
				FB8126C2283B783100139239 /* Debug */,
				FB8126C3283B783100139239 /* Release */,
			);
			defaultConfigurationIsVisible = 0;
			defaultConfigurationName = Release;
		};
/* End XCConfigurationList section */
	};
	rootObject = FB8126AB283B782E00139239 /* Project object */;
}
